
Microsoft Visual Studio Solution File, Format Version 12.00
# Visual Studio Version 17
VisualStudioVersion = 17.5.002.0
MinimumVisualStudioVersion = 10.0.40219.1
Project("{9A19103F-16F7-4668-BE54-9A1E7A4F7556}") = "Streaming_API", "Streaming_API.csproj", "{EA5C2F0F-B9A0-4DED-A80E-793664ABEA23}"
EndProject
Global
	GlobalSection(SolutionConfigurationPlatforms) = preSolution
		Debug|Any CPU = Debug|Any CPU
		Release|Any CPU = Release|Any CPU
	EndGlobalSection
	GlobalSection(ProjectConfigurationPlatforms) = postSolution
		{EA5C2F0F-B9A0-4DED-A80E-793664ABEA23}.Debug|Any CPU.ActiveCfg = Debug|Any CPU
		{EA5C2F0F-B9A0-4DED-A80E-793664ABEA23}.Debug|Any CPU.Build.0 = Debug|Any CPU
		{EA5C2F0F-B9A0-4DED-A80E-793664ABEA23}.Release|Any CPU.ActiveCfg = Release|Any CPU
		{EA5C2F0F-B9A0-4DED-A80E-793664ABEA23}.Release|Any CPU.Build.0 = Release|Any CPU
	EndGlobalSection
	GlobalSection(SolutionProperties) = preSolution
		HideSolutionNode = FALSE
	EndGlobalSection
	GlobalSection(ExtensibilityGlobals) = postSolution
		SolutionGuid = {C0420663-09C1-42BA-9BCD-9BBAED30DA44}
	EndGlobalSection
EndGlobal
